
Microsoft Visual Studio Solution File, Format Version 12.00
# Visual Studio Version 17
VisualStudioVersion = 17.7.34009.444
MinimumVisualStudioVersion = 10.0.40219.1
Project("{FAE04EC0-301F-11D3-BF4B-00C04F79EFBC}") = "ExceptionTeste23", "ExceptionTeste23\ExceptionTeste23.csproj", "{96979FD9-3BD4-40AA-A434-73E899528466}"
EndProject
Global
	GlobalSection(SolutionConfigurationPlatforms) = preSolution
		Debug|Any CPU = Debug|Any CPU
		Release|Any CPU = Release|Any CPU
	EndGlobalSection
	GlobalSection(ProjectConfigurationPlatforms) = postSolution
		{96979FD9-3BD4-40AA-A434-73E899528466}.Debug|Any CPU.ActiveCfg = Debug|Any CPU
		{96979FD9-3BD4-40AA-A434-73E899528466}.Debug|Any CPU.Build.0 = Debug|Any CPU
		{96979FD9-3BD4-40AA-A434-73E899528466}.Release|Any CPU.ActiveCfg = Release|Any CPU
		{96979FD9-3BD4-40AA-A434-73E899528466}.Release|Any CPU.Build.0 = Release|Any CPU
	EndGlobalSection
	GlobalSection(SolutionProperties) = preSolution
		HideSolutionNode = FALSE
	EndGlobalSection
	GlobalSection(ExtensibilityGlobals) = postSolution
		SolutionGuid = {210439E6-F0DF-4898-95E3-22671D6F24E1}
	EndGlobalSection
EndGlobal
